
Microsoft Visual Studio Solution File, Format Version 12.00
# Visual Studio 15
VisualStudioVersion = 15.0.27703.1
MinimumVisualStudioVersion = 10.0.40219.1
Project("{FAE04EC0-301F-11D3-BF4B-00C04F79EFBC}") = "Pokedex.Android", "Pokedex\Pokedex.Android\Pokedex.Android.csproj", "{0F9F72D7-6698-4F81-BC4B-A0FA85F0545B}"
EndProject
Project("{FAE04EC0-301F-11D3-BF4B-00C04F79EFBC}") = "Pokedex", "Pokedex\Pokedex\Pokedex.csproj", "{117FEF74-B34A-43AB-942E-B6555D394364}"
EndProject
Global
	GlobalSection(SolutionConfigurationPlatforms) = preSolution
		Debug|Any CPU = Debug|Any CPU
		Release|Any CPU = Release|Any CPU
	EndGlobalSection
	GlobalSection(ProjectConfigurationPlatforms) = postSolution
		{0F9F72D7-6698-4F81-BC4B-A0FA85F0545B}.Debug|Any CPU.ActiveCfg = Debug|Any CPU
		{0F9F72D7-6698-4F81-BC4B-A0FA85F0545B}.Debug|Any CPU.Build.0 = Debug|Any CPU
		{0F9F72D7-6698-4F81-BC4B-A0FA85F0545B}.Debug|Any CPU.Deploy.0 = Debug|Any CPU
		{0F9F72D7-6698-4F81-BC4B-A0FA85F0545B}.Release|Any CPU.ActiveCfg = Release|Any CPU
		{0F9F72D7-6698-4F81-BC4B-A0FA85F0545B}.Release|Any CPU.Build.0 = Release|Any CPU
		{0F9F72D7-6698-4F81-BC4B-A0FA85F0545B}.Release|Any CPU.Deploy.0 = Release|Any CPU
		{117FEF74-B34A-43AB-942E-B6555D394364}.Debug|Any CPU.ActiveCfg = Debug|Any CPU
		{117FEF74-B34A-43AB-942E-B6555D394364}.Debug|Any CPU.Build.0 = Debug|Any CPU
		{117FEF74-B34A-43AB-942E-B6555D394364}.Debug|Any CPU.Deploy.0 = Debug|Any CPU
		{117FEF74-B34A-43AB-942E-B6555D394364}.Release|Any CPU.ActiveCfg = Release|Any CPU
		{117FEF74-B34A-43AB-942E-B6555D394364}.Release|Any CPU.Build.0 = Release|Any CPU
		{117FEF74-B34A-43AB-942E-B6555D394364}.Release|Any CPU.Deploy.0 = Release|Any CPU
	EndGlobalSection
	GlobalSection(SolutionProperties) = preSolution
		HideSolutionNode = FALSE
	EndGlobalSection
	GlobalSection(ExtensibilityGlobals) = postSolution
		SolutionGuid = {092651A4-3329-449B-B834-6E4C1BE26F9D}
	EndGlobalSection
EndGlobal
